#MicroXplorer Configuration settings - do not modify
ADC.ClockPrescaler=ADC_CLOCK_SYNC_PCLK_DIV4
ADC.IPParameters=ClockPrescaler,SamplingTime
ADC.SamplingTime=ADC_SAMPLETIME_239CYCLES_5
File.Version=5
KeepUserPlacement=false
Mcu.Family=STM32F0
Mcu.IP0=ADC
Mcu.IP1=NVIC
Mcu.IP2=RCC
Mcu.IP3=USART1
Mcu.IPNb=4
Mcu.Name=STM32F030C8Tx
Mcu.Package=LQFP48
Mcu.Pin0=PA0
Mcu.Pin1=PA9
Mcu.Pin2=PA10
Mcu.PinsNb=3
Mcu.UserConstants=
Mcu.UserName=STM32F030C8Tx
MxCube.Version=4.10.1
MxDb.Version=DB.4.0.101
NVIC.SysTick_IRQn=true\:0\:0\:false
PA0.Mode=IN0
PA0.Signal=ADC_IN0
PA10.Mode=Asynchronous
PA10.Signal=USART1_RX
PA9.Mode=Asynchronous
PA9.Signal=USART1_TX
PCC.Checker=false
PCC.Line=STM32F0x0 Value Line
PCC.MCU=STM32F030C8Tx
PCC.MXVersion=4.10.1
PCC.PartNumber=STM32F030C8Tx
PCC.Seq0=0
PCC.Series=STM32F0
PCC.Temperature=25
PCC.Vdd=3.6
ProjectManager.AskForMigrate=true
ProjectManager.BackupPrevious=false
ProjectManager.CompilerOptimize=2
ProjectManager.ComputerToolchain=false
ProjectManager.CoupleFile=true
ProjectManager.DeletePrevious=true
ProjectManager.DeviceId=STM32F030C8Tx
ProjectManager.FirmwarePackage=STM32Cube FW_F0 V1.3.0
ProjectManager.FreePins=false
ProjectManager.HalAssertFull=false
ProjectManager.KeepUserCode=true
ProjectManager.LastFirmware=true
ProjectManager.LibraryCopy=0
ProjectManager.ProjectBuild=false
ProjectManager.ProjectFileName=STM32F030C8T6-ADC_Poll.ioc
ProjectManager.ProjectName=STM32F030C8T6-ADC_Poll
ProjectManager.TargetToolchain=MDK-ARM V5
ProjectManager.ToolChainLocation=
RCC.AHBFreq_Value=48000000
RCC.APB1Freq_Value=48000000
RCC.APB1TimFreq_Value=48000000
RCC.FCLKCortexFreq_Value=48000000
RCC.FamilyName=M
RCC.HCLKFreq_Value=48000000
RCC.IPParameters=FamilyName,PLLCLKFreq_Value,PLLMCOFreq_Value,TimSysFreq_Value,PLLMUL,SYSCLKSource,HCLKFreq_Value,AHBFreq_Value,FCLKCortexFreq_Value,APB1TimFreq_Value,APB1Freq_Value,USART1Freq_Value,MCOFreq_Value,SYSCLKFreq_VALUE
RCC.MCOFreq_Value=48000000
RCC.PLLCLKFreq_Value=48000000
RCC.PLLMCOFreq_Value=24000000
RCC.PLLMUL=RCC_PLL_MUL12
RCC.SYSCLKFreq_VALUE=48000000
RCC.SYSCLKSource=RCC_SYSCLKSOURCE_PLLCLK
RCC.TimSysFreq_Value=48000000
RCC.USART1Freq_Value=48000000
USART1.BaudRate=115200
USART1.IPParameters=BaudRate
board=STM32F030C8T6-ADC_Poll
